
Microsoft Visual Studio Solution File, Format Version 12.00
# Visual Studio 15
VisualStudioVersion = 15.0.28307.421
MinimumVisualStudioVersion = 10.0.40219.1
Project("{FAE04EC0-301F-11D3-BF4B-00C04F79EFBC}") = "capaDatos", "capaDatos\capaDatos.csproj", "{B6994DE8-8CA5-4659-8EF0-57AED7001551}"
EndProject
Project("{FAE04EC0-301F-11D3-BF4B-00C04F79EFBC}") = "capaEntidad", "capaEntidad\capaEntidad.csproj", "{6927BF4A-3252-458E-B03C-4D100C8EB479}"
EndProject
Project("{FAE04EC0-301F-11D3-BF4B-00C04F79EFBC}") = "capaNegocios", "capaNegocios\capaNegocios.csproj", "{1E9BD180-E76B-4949-BE94-E5B0AE4F852A}"
EndProject
Project("{9A19103F-16F7-4668-BE54-9A1E7A4F7556}") = "capaPresentacions", "capaPresentacions\capaPresentacions.csproj", "{08FDB9D8-F9B0-4BC4-9287-B7A2BBC4BA5A}"
EndProject
Project("{FAE04EC0-301F-11D3-BF4B-00C04F79EFBC}") = "capaPresentacionDosConsola", "capaPresentacionDosConsola\capaPresentacionDosConsola.csproj", "{5610D5AB-782A-4E26-8BA2-4A96EFF165F3}"
EndProject
Project("{FAE04EC0-301F-11D3-BF4B-00C04F79EFBC}") = "capaPresentacionWindows", "capaPresentacionWindows\capaPresentacionWindows.csproj", "{01AA445F-A29F-43AD-B8C9-00859B8595BB}"
EndProject
Project("{FAE04EC0-301F-11D3-BF4B-00C04F79EFBC}") = "capaPresentacionColecciones", "capaPresentacionColecciones\capaPresentacionColecciones.csproj", "{799D20DA-0AFC-4694-8639-CF9C37143962}"
EndProject
Project("{FAE04EC0-301F-11D3-BF4B-00C04F79EFBC}") = "capaPresentacionPorcentaje", "capaPresentacionPorcentaje\capaPresentacionPorcentaje.csproj", "{2C50DBDB-8553-4ED0-A80C-82373CED247E}"
EndProject
Project("{FAE04EC0-301F-11D3-BF4B-00C04F79EFBC}") = "Binaria2", "Binaria2\Binaria2.csproj", "{0EBF4ED8-B3FD-4751-85C6-39413E21855C}"
EndProject
Project("{FAE04EC0-301F-11D3-BF4B-00C04F79EFBC}") = "Examen", "Examen\Examen.csproj", "{187EEA30-1A8D-4803-B78F-1DC8FFBCECCE}"
EndProject
Project("{FAE04EC0-301F-11D3-BF4B-00C04F79EFBC}") = "Ejercicio2Cajero", "Ejercicio2Cajero\Ejercicio2Cajero.csproj", "{DA74777C-F410-4E5E-A91E-73293C081539}"
EndProject
Project("{FAE04EC0-301F-11D3-BF4B-00C04F79EFBC}") = "Cajero2", "Cajero2\Cajero2.csproj", "{4109E341-B560-4C0E-9FE8-EA5FD0571963}"
EndProject
Project("{FAE04EC0-301F-11D3-BF4B-00C04F79EFBC}") = "Cajero3", "Cajero3\Cajero3.csproj", "{10B8368D-C679-4EA7-92FD-186BE95DECDF}"
EndProject
Project("{FAE04EC0-301F-11D3-BF4B-00C04F79EFBC}") = "Kiosco", "Kiosco\Kiosco.csproj", "{65E25D0F-0918-40DD-BB0D-423460B2E90F}"
EndProject
Project("{FAE04EC0-301F-11D3-BF4B-00C04F79EFBC}") = "Ordenamiento", "Ordenamiento\Ordenamiento.csproj", "{D295E02B-3C52-4E97-AD03-85394B78FD6C}"
EndProject
Project("{FAE04EC0-301F-11D3-BF4B-00C04F79EFBC}") = "OrdenamientoExcepcioness", "OrdenamientoExcepcioness\OrdenamientoExcepcioness.csproj", "{EA6D5A42-2A24-45A8-BE23-09E738DD7DFB}"
EndProject
Project("{FAE04EC0-301F-11D3-BF4B-00C04F79EFBC}") = "BuscadorLetras", "BuscadorLetras\BuscadorLetras.csproj", "{ABE3B57D-3871-4C85-AC9E-DD0DFDF329C7}"
EndProject
Project("{FAE04EC0-301F-11D3-BF4B-00C04F79EFBC}") = "PasarNumerosALetras", "PasarNumerosALetras\PasarNumerosALetras.csproj", "{7CB79374-B297-4E56-8A07-4306E2970867}"
EndProject
Global
	GlobalSection(SolutionConfigurationPlatforms) = preSolution
		Debug|Any CPU = Debug|Any CPU
		Release|Any CPU = Release|Any CPU
	EndGlobalSection
	GlobalSection(ProjectConfigurationPlatforms) = postSolution
		{B6994DE8-8CA5-4659-8EF0-57AED7001551}.Debug|Any CPU.ActiveCfg = Debug|Any CPU
		{B6994DE8-8CA5-4659-8EF0-57AED7001551}.Debug|Any CPU.Build.0 = Debug|Any CPU
		{B6994DE8-8CA5-4659-8EF0-57AED7001551}.Release|Any CPU.ActiveCfg = Release|Any CPU
		{B6994DE8-8CA5-4659-8EF0-57AED7001551}.Release|Any CPU.Build.0 = Release|Any CPU
		{6927BF4A-3252-458E-B03C-4D100C8EB479}.Debug|Any CPU.ActiveCfg = Debug|Any CPU
		{6927BF4A-3252-458E-B03C-4D100C8EB479}.Debug|Any CPU.Build.0 = Debug|Any CPU
		{6927BF4A-3252-458E-B03C-4D100C8EB479}.Release|Any CPU.ActiveCfg = Release|Any CPU
		{6927BF4A-3252-458E-B03C-4D100C8EB479}.Release|Any CPU.Build.0 = Release|Any CPU
		{1E9BD180-E76B-4949-BE94-E5B0AE4F852A}.Debug|Any CPU.ActiveCfg = Debug|Any CPU
		{1E9BD180-E76B-4949-BE94-E5B0AE4F852A}.Debug|Any CPU.Build.0 = Debug|Any CPU
		{1E9BD180-E76B-4949-BE94-E5B0AE4F852A}.Release|Any CPU.ActiveCfg = Release|Any CPU
		{1E9BD180-E76B-4949-BE94-E5B0AE4F852A}.Release|Any CPU.Build.0 = Release|Any CPU
		{08FDB9D8-F9B0-4BC4-9287-B7A2BBC4BA5A}.Debug|Any CPU.ActiveCfg = Debug|Any CPU
		{08FDB9D8-F9B0-4BC4-9287-B7A2BBC4BA5A}.Debug|Any CPU.Build.0 = Debug|Any CPU
		{08FDB9D8-F9B0-4BC4-9287-B7A2BBC4BA5A}.Release|Any CPU.ActiveCfg = Release|Any CPU
		{08FDB9D8-F9B0-4BC4-9287-B7A2BBC4BA5A}.Release|Any CPU.Build.0 = Release|Any CPU
		{5610D5AB-782A-4E26-8BA2-4A96EFF165F3}.Debug|Any CPU.ActiveCfg = Debug|Any CPU
		{5610D5AB-782A-4E26-8BA2-4A96EFF165F3}.Debug|Any CPU.Build.0 = Debug|Any CPU
		{5610D5AB-782A-4E26-8BA2-4A96EFF165F3}.Release|Any CPU.ActiveCfg = Release|Any CPU
		{5610D5AB-782A-4E26-8BA2-4A96EFF165F3}.Release|Any CPU.Build.0 = Release|Any CPU
		{01AA445F-A29F-43AD-B8C9-00859B8595BB}.Debug|Any CPU.ActiveCfg = Debug|Any CPU
		{01AA445F-A29F-43AD-B8C9-00859B8595BB}.Debug|Any CPU.Build.0 = Debug|Any CPU
		{01AA445F-A29F-43AD-B8C9-00859B8595BB}.Release|Any CPU.ActiveCfg = Release|Any CPU
		{01AA445F-A29F-43AD-B8C9-00859B8595BB}.Release|Any CPU.Build.0 = Release|Any CPU
		{799D20DA-0AFC-4694-8639-CF9C37143962}.Debug|Any CPU.ActiveCfg = Debug|Any CPU
		{799D20DA-0AFC-4694-8639-CF9C37143962}.Debug|Any CPU.Build.0 = Debug|Any CPU
		{799D20DA-0AFC-4694-8639-CF9C37143962}.Release|Any CPU.ActiveCfg = Release|Any CPU
		{799D20DA-0AFC-4694-8639-CF9C37143962}.Release|Any CPU.Build.0 = Release|Any CPU
		{2C50DBDB-8553-4ED0-A80C-82373CED247E}.Debug|Any CPU.ActiveCfg = Debug|Any CPU
		{2C50DBDB-8553-4ED0-A80C-82373CED247E}.Debug|Any CPU.Build.0 = Debug|Any CPU
		{2C50DBDB-8553-4ED0-A80C-82373CED247E}.Release|Any CPU.ActiveCfg = Release|Any CPU
		{2C50DBDB-8553-4ED0-A80C-82373CED247E}.Release|Any CPU.Build.0 = Release|Any CPU
		{0EBF4ED8-B3FD-4751-85C6-39413E21855C}.Debug|Any CPU.ActiveCfg = Debug|Any CPU
		{0EBF4ED8-B3FD-4751-85C6-39413E21855C}.Debug|Any CPU.Build.0 = Debug|Any CPU
		{0EBF4ED8-B3FD-4751-85C6-39413E21855C}.Release|Any CPU.ActiveCfg = Release|Any CPU
		{0EBF4ED8-B3FD-4751-85C6-39413E21855C}.Release|Any CPU.Build.0 = Release|Any CPU
		{187EEA30-1A8D-4803-B78F-1DC8FFBCECCE}.Debug|Any CPU.ActiveCfg = Debug|Any CPU
		{187EEA30-1A8D-4803-B78F-1DC8FFBCECCE}.Debug|Any CPU.Build.0 = Debug|Any CPU
		{187EEA30-1A8D-4803-B78F-1DC8FFBCECCE}.Release|Any CPU.ActiveCfg = Release|Any CPU
		{187EEA30-1A8D-4803-B78F-1DC8FFBCECCE}.Release|Any CPU.Build.0 = Release|Any CPU
		{DA74777C-F410-4E5E-A91E-73293C081539}.Debug|Any CPU.ActiveCfg = Debug|Any CPU
		{DA74777C-F410-4E5E-A91E-73293C081539}.Debug|Any CPU.Build.0 = Debug|Any CPU
		{DA74777C-F410-4E5E-A91E-73293C081539}.Release|Any CPU.ActiveCfg = Release|Any CPU
		{DA74777C-F410-4E5E-A91E-73293C081539}.Release|Any CPU.Build.0 = Release|Any CPU
		{4109E341-B560-4C0E-9FE8-EA5FD0571963}.Debug|Any CPU.ActiveCfg = Debug|Any CPU
		{4109E341-B560-4C0E-9FE8-EA5FD0571963}.Debug|Any CPU.Build.0 = Debug|Any CPU
		{4109E341-B560-4C0E-9FE8-EA5FD0571963}.Release|Any CPU.ActiveCfg = Release|Any CPU
		{4109E341-B560-4C0E-9FE8-EA5FD0571963}.Release|Any CPU.Build.0 = Release|Any CPU
		{10B8368D-C679-4EA7-92FD-186BE95DECDF}.Debug|Any CPU.ActiveCfg = Debug|Any CPU
		{10B8368D-C679-4EA7-92FD-186BE95DECDF}.Debug|Any CPU.Build.0 = Debug|Any CPU
		{10B8368D-C679-4EA7-92FD-186BE95DECDF}.Release|Any CPU.ActiveCfg = Release|Any CPU
		{10B8368D-C679-4EA7-92FD-186BE95DECDF}.Release|Any CPU.Build.0 = Release|Any CPU
		{65E25D0F-0918-40DD-BB0D-423460B2E90F}.Debug|Any CPU.ActiveCfg = Debug|Any CPU
		{65E25D0F-0918-40DD-BB0D-423460B2E90F}.Debug|Any CPU.Build.0 = Debug|Any CPU
		{65E25D0F-0918-40DD-BB0D-423460B2E90F}.Release|Any CPU.ActiveCfg = Release|Any CPU
		{65E25D0F-0918-40DD-BB0D-423460B2E90F}.Release|Any CPU.Build.0 = Release|Any CPU
		{D295E02B-3C52-4E97-AD03-85394B78FD6C}.Debug|Any CPU.ActiveCfg = Debug|Any CPU
		{D295E02B-3C52-4E97-AD03-85394B78FD6C}.Debug|Any CPU.Build.0 = Debug|Any CPU
		{D295E02B-3C52-4E97-AD03-85394B78FD6C}.Release|Any CPU.ActiveCfg = Release|Any CPU
		{D295E02B-3C52-4E97-AD03-85394B78FD6C}.Release|Any CPU.Build.0 = Release|Any CPU
		{EA6D5A42-2A24-45A8-BE23-09E738DD7DFB}.Debug|Any CPU.ActiveCfg = Debug|Any CPU
		{EA6D5A42-2A24-45A8-BE23-09E738DD7DFB}.Debug|Any CPU.Build.0 = Debug|Any CPU
		{EA6D5A42-2A24-45A8-BE23-09E738DD7DFB}.Release|Any CPU.ActiveCfg = Release|Any CPU
		{EA6D5A42-2A24-45A8-BE23-09E738DD7DFB}.Release|Any CPU.Build.0 = Release|Any CPU
		{ABE3B57D-3871-4C85-AC9E-DD0DFDF329C7}.Debug|Any CPU.ActiveCfg = Debug|Any CPU
		{ABE3B57D-3871-4C85-AC9E-DD0DFDF329C7}.Debug|Any CPU.Build.0 = Debug|Any CPU
		{ABE3B57D-3871-4C85-AC9E-DD0DFDF329C7}.Release|Any CPU.ActiveCfg = Release|Any CPU
		{ABE3B57D-3871-4C85-AC9E-DD0DFDF329C7}.Release|Any CPU.Build.0 = Release|Any CPU
		{7CB79374-B297-4E56-8A07-4306E2970867}.Debug|Any CPU.ActiveCfg = Debug|Any CPU
		{7CB79374-B297-4E56-8A07-4306E2970867}.Debug|Any CPU.Build.0 = Debug|Any CPU
		{7CB79374-B297-4E56-8A07-4306E2970867}.Release|Any CPU.ActiveCfg = Release|Any CPU
		{7CB79374-B297-4E56-8A07-4306E2970867}.Release|Any CPU.Build.0 = Release|Any CPU
	EndGlobalSection
	GlobalSection(SolutionProperties) = preSolution
		HideSolutionNode = FALSE
	EndGlobalSection
	GlobalSection(ExtensibilityGlobals) = postSolution
		SolutionGuid = {974B8B56-F84D-4279-8963-8D1F6974D4CA}
	EndGlobalSection
EndGlobal
